dependencies:
  espressif/usb_host_hid:
    component_hash: eabf03fe3cb1bdb5325d2725f420c6324c3e150033d893ce3737222929455a55
    dependencies:
    - name: idf
      registry_url: https://components.espressif.com
      require: private
      version: '>=4.4'
    source:
      registry_url: https://components.espressif.com/
      type: service
    targets:
    - esp32s2
    - esp32s3
    - esp32p4
    version: 1.0.3
  idf:
    source:
      type: idf
    version: 5.2.1
direct_dependencies:
- espressif/usb_host_hid
- idf
manifest_hash: ba760e58b689fae917ca0582860628188414f92f1038c2df49d972cac1d609cc
target: esp32s3
version: 2.0.0
